
Microsoft Visual Studio Solution File, Format Version 12.00
# Visual Studio 2013
VisualStudioVersion = 12.0.21005.1
MinimumVisualStudioVersion = 10.0.40219.1
Project("{FAE04EC0-301F-11D3-BF4B-00C04F79EFBC}") = "TDTDataInterface", "TDTDataInterface\TDTDataInterface.csproj", "{C6F3746C-3A53-44BD-B3D3-6D8789C6DE64}"
EndProject
Project("{FAE04EC0-301F-11D3-BF4B-00C04F79EFBC}") = "TestClient", "TestClient\TestClient.csproj", "{F6AD1A63-F7FC-4125-AA6B-EDED0BA05DCC}"
EndProject
Global
	GlobalSection(SolutionConfigurationPlatforms) = preSolution
		Debug|Any CPU = Debug|Any CPU
		Release|Any CPU = Release|Any CPU
	EndGlobalSection
	GlobalSection(ProjectConfigurationPlatforms) = postSolution
		{C6F3746C-3A53-44BD-B3D3-6D8789C6DE64}.Debug|Any CPU.ActiveCfg = Debug|Any CPU
		{C6F3746C-3A53-44BD-B3D3-6D8789C6DE64}.Debug|Any CPU.Build.0 = Debug|Any CPU
		{C6F3746C-3A53-44BD-B3D3-6D8789C6DE64}.Release|Any CPU.ActiveCfg = Release|Any CPU
		{C6F3746C-3A53-44BD-B3D3-6D8789C6DE64}.Release|Any CPU.Build.0 = Release|Any CPU
		{F6AD1A63-F7FC-4125-AA6B-EDED0BA05DCC}.Debug|Any CPU.ActiveCfg = Debug|Any CPU
		{F6AD1A63-F7FC-4125-AA6B-EDED0BA05DCC}.Debug|Any CPU.Build.0 = Debug|Any CPU
		{F6AD1A63-F7FC-4125-AA6B-EDED0BA05DCC}.Release|Any CPU.ActiveCfg = Release|Any CPU
		{F6AD1A63-F7FC-4125-AA6B-EDED0BA05DCC}.Release|Any CPU.Build.0 = Release|Any CPU
	EndGlobalSection
	GlobalSection(SolutionProperties) = preSolution
		HideSolutionNode = FALSE
	EndGlobalSection
EndGlobal
